github.com/floostack/transcoder v1.1.0 h1:0/Ck0ZzW/RRzaa8OUQ3gufO9EJjGZxLPYvk8JdyqcGU=
github.com/floostack/transcoder v1.1.0/go.mod h1:lT+f8NEGaHP6AVeYLicas0EI0+TforD+DRuLziJg6bY=
github.com/floostack/transcoder v1.1.1-0.20201103165826-aa6374b9ec87 h1:/uZM3GrSUBhh6h94kl6C6kNnw0Slw8locjzu80fKBIY=
github.com/floostack/transcoder v1.1.1-0.20201103165826-aa6374b9ec87/go.mod h1:lT+f8NEGaHP6AVeYLicas0EI0+TforD+DRuLziJg6bY=
